
Microsoft Visual Studio Solution File, Format Version 12.00
# Visual Studio Version 17
VisualStudioVersion = 17.3.32922.545
MinimumVisualStudioVersion = 10.0.40219.1
Project("{F184B08F-C81C-45F6-A57F-5ABD9991F28F}") = "VB_FinalAssignment", "VB_FinalAssignment\VB_FinalAssignment.vbproj", "{2296BFE1-BF73-4FBE-A523-3846FE8C9B89}"
EndProject
Global
	GlobalSection(SolutionConfigurationPlatforms) = preSolution
		Debug|Any CPU = Debug|Any CPU
		Release|Any CPU = Release|Any CPU
	EndGlobalSection
	GlobalSection(ProjectConfigurationPlatforms) = postSolution
		{2296BFE1-BF73-4FBE-A523-3846FE8C9B89}.Debug|Any CPU.ActiveCfg = Debug|Any CPU
		{2296BFE1-BF73-4FBE-A523-3846FE8C9B89}.Debug|Any CPU.Build.0 = Debug|Any CPU
		{2296BFE1-BF73-4FBE-A523-3846FE8C9B89}.Release|Any CPU.ActiveCfg = Release|Any CPU
		{2296BFE1-BF73-4FBE-A523-3846FE8C9B89}.Release|Any CPU.Build.0 = Release|Any CPU
	EndGlobalSection
	GlobalSection(SolutionProperties) = preSolution
		HideSolutionNode = FALSE
	EndGlobalSection
	GlobalSection(ExtensibilityGlobals) = postSolution
		SolutionGuid = {6F6F00C1-839B-4D23-9DBB-4FF4E1A945A5}
	EndGlobalSection
EndGlobal
